
Microsoft Visual Studio Solution File, Format Version 12.00
# Visual Studio Version 17
VisualStudioVersion = 17.4.33213.308
MinimumVisualStudioVersion = 10.0.40219.1
Project("{FAE04EC0-301F-11D3-BF4B-00C04F79EFBC}") = "login and register page", "login and register page.csproj", "{49A07B2E-2DC0-4160-AE3F-08A655A95CA3}"
EndProject
Global
	GlobalSection(SolutionConfigurationPlatforms) = preSolution
		Debug|Any CPU = Debug|Any CPU
		Release|Any CPU = Release|Any CPU
	EndGlobalSection
	GlobalSection(ProjectConfigurationPlatforms) = postSolution
		{49A07B2E-2DC0-4160-AE3F-08A655A95CA3}.Debug|Any CPU.ActiveCfg = Debug|Any CPU
		{49A07B2E-2DC0-4160-AE3F-08A655A95CA3}.Debug|Any CPU.Build.0 = Debug|Any CPU
		{49A07B2E-2DC0-4160-AE3F-08A655A95CA3}.Release|Any CPU.ActiveCfg = Release|Any CPU
		{49A07B2E-2DC0-4160-AE3F-08A655A95CA3}.Release|Any CPU.Build.0 = Release|Any CPU
	EndGlobalSection
	GlobalSection(SolutionProperties) = preSolution
		HideSolutionNode = FALSE
	EndGlobalSection
	GlobalSection(ExtensibilityGlobals) = postSolution
		SolutionGuid = {66C23536-C30C-4310-B42B-9D0AF67B69C4}
	EndGlobalSection
EndGlobal
